
Microsoft Visual Studio Solution File, Format Version 12.00
# Visual Studio 14
VisualStudioVersion = 14.0.24720.0
MinimumVisualStudioVersion = 10.0.40219.1
Project("{8BC9CEB8-8B4A-11D0-8D11-00A0C91BC942}") = "Helicoid", "Helicoid\Helicoid.vcxproj", "{83A9BEEF-B9F3-40E7-8F6C-1D3C9966CBA0}"
	ProjectSection(ProjectDependencies) = postProject
		{7E543C88-8491-3D3A-A939-A8B1FA120F8F} = {7E543C88-8491-3D3A-A939-A8B1FA120F8F}
	EndProjectSection
EndProject
Project("{8BC9CEB8-8B4A-11D0-8D11-00A0C91BC942}") = "libchapter2", "..\..\..\tmp\chapter2\libchapter2.vcxproj", "{7E543C88-8491-3D3A-A939-A8B1FA120F8F}"
EndProject
Global
	GlobalSection(SolutionConfigurationPlatforms) = preSolution
		Debug|x64 = Debug|x64
		Debug|x86 = Debug|x86
		Release|x64 = Release|x64
		Release|x86 = Release|x86
	EndGlobalSection
	GlobalSection(ProjectConfigurationPlatforms) = postSolution
		{83A9BEEF-B9F3-40E7-8F6C-1D3C9966CBA0}.Debug|x64.ActiveCfg = Debug|x64
		{83A9BEEF-B9F3-40E7-8F6C-1D3C9966CBA0}.Debug|x64.Build.0 = Debug|x64
		{83A9BEEF-B9F3-40E7-8F6C-1D3C9966CBA0}.Debug|x86.ActiveCfg = Debug|Win32
		{83A9BEEF-B9F3-40E7-8F6C-1D3C9966CBA0}.Debug|x86.Build.0 = Debug|Win32
		{83A9BEEF-B9F3-40E7-8F6C-1D3C9966CBA0}.Release|x64.ActiveCfg = Release|x64
		{83A9BEEF-B9F3-40E7-8F6C-1D3C9966CBA0}.Release|x64.Build.0 = Release|x64
		{83A9BEEF-B9F3-40E7-8F6C-1D3C9966CBA0}.Release|x86.ActiveCfg = Release|Win32
		{83A9BEEF-B9F3-40E7-8F6C-1D3C9966CBA0}.Release|x86.Build.0 = Release|Win32
		{7E543C88-8491-3D3A-A939-A8B1FA120F8F}.Debug|x64.ActiveCfg = Debug|Win32
		{7E543C88-8491-3D3A-A939-A8B1FA120F8F}.Debug|x86.ActiveCfg = Debug|Win32
		{7E543C88-8491-3D3A-A939-A8B1FA120F8F}.Debug|x86.Build.0 = Debug|Win32
		{7E543C88-8491-3D3A-A939-A8B1FA120F8F}.Release|x64.ActiveCfg = Release|Win32
		{7E543C88-8491-3D3A-A939-A8B1FA120F8F}.Release|x86.ActiveCfg = Release|Win32
		{7E543C88-8491-3D3A-A939-A8B1FA120F8F}.Release|x86.Build.0 = Release|Win32
	EndGlobalSection
	GlobalSection(SolutionProperties) = preSolution
		HideSolutionNode = FALSE
	EndGlobalSection
EndGlobal
